
Microsoft Visual Studio Solution File, Format Version 12.00
# Visual Studio 15
VisualStudioVersion = 15.0.27130.2036
MinimumVisualStudioVersion = 10.0.40219.1
Project("{9A19103F-16F7-4668-BE54-9A1E7A4F7556}") = "quick_fun", "quick_fun.csproj", "{355A8A38-F2F8-4E4E-A92A-DE7BED38C139}"
EndProject
Global
	GlobalSection(SolutionConfigurationPlatforms) = preSolution
		Debug|Any CPU = Debug|Any CPU
		Release|Any CPU = Release|Any CPU
	EndGlobalSection
	GlobalSection(ProjectConfigurationPlatforms) = postSolution
		{355A8A38-F2F8-4E4E-A92A-DE7BED38C139}.Debug|Any CPU.ActiveCfg = Debug|Any CPU
		{355A8A38-F2F8-4E4E-A92A-DE7BED38C139}.Debug|Any CPU.Build.0 = Debug|Any CPU
		{355A8A38-F2F8-4E4E-A92A-DE7BED38C139}.Release|Any CPU.ActiveCfg = Release|Any CPU
		{355A8A38-F2F8-4E4E-A92A-DE7BED38C139}.Release|Any CPU.Build.0 = Release|Any CPU
	EndGlobalSection
	GlobalSection(SolutionProperties) = preSolution
		HideSolutionNode = FALSE
	EndGlobalSection
	GlobalSection(ExtensibilityGlobals) = postSolution
		SolutionGuid = {416659DC-D8F0-40A6-AE68-9BE35171E855}
	EndGlobalSection
EndGlobal
